
Microsoft Visual Studio Solution File, Format Version 12.00
# Visual Studio Version 16
VisualStudioVersion = 16.0.32901.82
MinimumVisualStudioVersion = 10.0.40219.1
Project("{FAE04EC0-301F-11D3-BF4B-00C04F79EFBC}") = "CsMySQLTutorial", "CsMySQLTutorial\CsMySQLTutorial.csproj", "{FBCD57B1-127F-403D-B7A2-6BC55096C1A5}"
EndProject
Global
	GlobalSection(SolutionConfigurationPlatforms) = preSolution
		Debug|Any CPU = Debug|Any CPU
		Release|Any CPU = Release|Any CPU
	EndGlobalSection
	GlobalSection(ProjectConfigurationPlatforms) = postSolution
		{FBCD57B1-127F-403D-B7A2-6BC55096C1A5}.Debug|Any CPU.ActiveCfg = Debug|Any CPU
		{FBCD57B1-127F-403D-B7A2-6BC55096C1A5}.Debug|Any CPU.Build.0 = Debug|Any CPU
		{FBCD57B1-127F-403D-B7A2-6BC55096C1A5}.Release|Any CPU.ActiveCfg = Release|Any CPU
		{FBCD57B1-127F-403D-B7A2-6BC55096C1A5}.Release|Any CPU.Build.0 = Release|Any CPU
	EndGlobalSection
	GlobalSection(SolutionProperties) = preSolution
		HideSolutionNode = FALSE
	EndGlobalSection
	GlobalSection(ExtensibilityGlobals) = postSolution
		SolutionGuid = {BC52708C-442B-43C4-8EE7-2155F03F6C1B}
	EndGlobalSection
EndGlobal
